
Microsoft Visual Studio Solution File, Format Version 12.00
# Visual Studio Version 17
VisualStudioVersion = 17.0.32126.317
MinimumVisualStudioVersion = 10.0.40219.1
Project("{8BC9CEB8-8B4A-11D0-8D11-00A0C91BC942}") = "AI_MAZE_Project", "AI_MAZE_Project\AI_MAZE_Project.vcxproj", "{D0A55B4D-313E-4FCC-85A2-12B7D878D8E9}"
EndProject
Project("{8BC9CEB8-8B4A-11D0-8D11-00A0C91BC942}") = "AI_MAZE_Project_Eller", "AI_MAZE_Project_Eller\AI_MAZE_Project_Eller.vcxproj", "{6BB85785-CD9D-4844-8ED2-FD80C1A90C45}"
EndProject
Global
	GlobalSection(SolutionConfigurationPlatforms) = preSolution
		Debug|x64 = Debug|x64
		Debug|x86 = Debug|x86
		Release|x64 = Release|x64
		Release|x86 = Release|x86
	EndGlobalSection
	GlobalSection(ProjectConfigurationPlatforms) = postSolution
		{D0A55B4D-313E-4FCC-85A2-12B7D878D8E9}.Debug|x64.ActiveCfg = Debug|x64
		{D0A55B4D-313E-4FCC-85A2-12B7D878D8E9}.Debug|x64.Build.0 = Debug|x64
		{D0A55B4D-313E-4FCC-85A2-12B7D878D8E9}.Debug|x86.ActiveCfg = Debug|Win32
		{D0A55B4D-313E-4FCC-85A2-12B7D878D8E9}.Debug|x86.Build.0 = Debug|Win32
		{D0A55B4D-313E-4FCC-85A2-12B7D878D8E9}.Release|x64.ActiveCfg = Release|x64
		{D0A55B4D-313E-4FCC-85A2-12B7D878D8E9}.Release|x64.Build.0 = Release|x64
		{D0A55B4D-313E-4FCC-85A2-12B7D878D8E9}.Release|x86.ActiveCfg = Release|Win32
		{D0A55B4D-313E-4FCC-85A2-12B7D878D8E9}.Release|x86.Build.0 = Release|Win32
		{6BB85785-CD9D-4844-8ED2-FD80C1A90C45}.Debug|x64.ActiveCfg = Debug|x64
		{6BB85785-CD9D-4844-8ED2-FD80C1A90C45}.Debug|x64.Build.0 = Debug|x64
		{6BB85785-CD9D-4844-8ED2-FD80C1A90C45}.Debug|x86.ActiveCfg = Debug|Win32
		{6BB85785-CD9D-4844-8ED2-FD80C1A90C45}.Debug|x86.Build.0 = Debug|Win32
		{6BB85785-CD9D-4844-8ED2-FD80C1A90C45}.Release|x64.ActiveCfg = Release|x64
		{6BB85785-CD9D-4844-8ED2-FD80C1A90C45}.Release|x64.Build.0 = Release|x64
		{6BB85785-CD9D-4844-8ED2-FD80C1A90C45}.Release|x86.ActiveCfg = Release|Win32
		{6BB85785-CD9D-4844-8ED2-FD80C1A90C45}.Release|x86.Build.0 = Release|Win32
	EndGlobalSection
	GlobalSection(SolutionProperties) = preSolution
		HideSolutionNode = FALSE
	EndGlobalSection
	GlobalSection(ExtensibilityGlobals) = postSolution
		SolutionGuid = {04FA92D7-885D-4109-8E51-2158EEABB67D}
	EndGlobalSection
EndGlobal
